# This file is automatically @generated by Cargo.
# It is not intended for manual editing.
version = 4

[[package]]
name = "aho-corasick"
version = "1.1.3"
source = "registry+https://github.com/rust-lang/crates.io-index"
checksum = "8e60d3430d3a69478ad0993f19238d2df97c507009a52b3c10addcd7f6bcb916"
dependencies = [
 "memchr",
]

[[package]]
name = "bytecount"
version = "0.6.8"
source = "registry+https://github.com/rust-lang/crates.io-index"
checksum = "5ce89b21cab1437276d2650d57e971f9d548a2d9037cc231abdc0562b97498ce"

[[package]]
name = "camino"
version = "1.1.9"
source = "registry+https://github.com/rust-lang/crates.io-index"
checksum = "8b96ec4966b5813e2c0507c1f86115c8c5abaadc3980879c3424042a02fd1ad3"

[[package]]
name = "cfg-if"
version = "1.0.0"
source = "registry+https://github.com/rust-lang/crates.io-index"
checksum = "baf1de4339761588bc0619e3cbc0120ee582ebb74b53b4efbf79117bd2da40fd"

[[package]]
name = "heck"
version = "0.5.0"
source = "registry+https://github.com/rust-lang/crates.io-index"
checksum = "2304e00983f87ffb38b55b444b5e3b60a884b5d30c0fca7d82fe33449bbe55ea"

[[package]]
name = "libc"
version = "0.2.169"
source = "registry+https://github.com/rust-lang/crates.io-index"
checksum = "b5aba8db14291edd000dfcc4d620c7ebfb122c613afb886ca8803fa4e128a20a"

[[package]]
name = "libloading"
version = "0.8.6"
source = "registry+https://github.com/rust-lang/crates.io-index"
checksum = "fc2f4eb4bc735547cfed7c0a4922cbd04a4655978c09b54f1f7b228750664c34"
dependencies = [
 "cfg-if",
 "windows-targets",
]

[[package]]
name = "memchr"
version = "2.7.4"
source = "registry+https://github.com/rust-lang/crates.io-index"
checksum = "78ca9ab1a0babb1e7d5695e3530886289c18cf2f87ec19a575a0abdce112e3a3"

[[package]]
name = "minimal-lexical"
version = "0.2.1"
source = "registry+https://github.com/rust-lang/crates.io-index"
checksum = "68354c5c6bd36d73ff3feceb05efa59b6acb7626617f4962be322a825e61f79a"

[[package]]
name = "nom"
version = "7.1.3"
source = "registry+https://github.com/rust-lang/crates.io-index"
checksum = "d273983c5a657a70a3e8f2a01329822f3b8c8172b73826411a55751e404a0a4a"
dependencies = [
 "memchr",
 "minimal-lexical",
]

[[package]]
name = "nom-greedyerror"
version = "0.5.0"
source = "registry+https://github.com/rust-lang/crates.io-index"
checksum = "73f359007d505b20cd6e4974ff0d5c8e4565f0f9e15823937238221ccb74b516"
dependencies = [
 "nom",
 "nom_locate",
]

[[package]]
name = "nom-packrat"
version = "0.7.0"
source = "registry+https://github.com/rust-lang/crates.io-index"
checksum = "ec2613a0891d298a6dd6330d0eb7a2ff37f5b2e0f8b2656c89517f0c560602c1"
dependencies = [
 "nom-packrat-macros",
 "nom_locate",
]

[[package]]
name = "nom-packrat-macros"
version = "0.7.0"
source = "registry+https://github.com/rust-lang/crates.io-index"
checksum = "738db4817fcc69a720675cad108968ef14d72b9e4d9cc0d4eb90e52f4d15a392"
dependencies = [
 "quote",
 "syn 1.0.109",
]

[[package]]
name = "nom-recursive"
version = "0.5.1"
source = "registry+https://github.com/rust-lang/crates.io-index"
checksum = "38dde6bfc697f9a5f19dd3afcc7e3d60367c0a00fe8f29a5aebb6fc9ca9aeb7a"
dependencies = [
 "nom-recursive-macros",
 "nom_locate",
]

[[package]]
name = "nom-recursive-macros"
version = "0.5.1"
source = "registry+https://github.com/rust-lang/crates.io-index"
checksum = "e16984d78cb05a960e79cc03219e8fc2da932666d5cef7cbd7c55c9a1a4ef3ce"
dependencies = [
 "quote",
 "syn 1.0.109",
]

[[package]]
name = "nom-tracable"
version = "0.9.1"
source = "registry+https://github.com/rust-lang/crates.io-index"
checksum = "6a39d3ec4e5bc9816ca540bd6b1e4885c0275536eb3293d317d984bb17f9a294"
dependencies = [
 "nom",
 "nom-tracable-macros",
 "nom_locate",
]

[[package]]
name = "nom-tracable-macros"
version = "0.9.1"
source = "registry+https://github.com/rust-lang/crates.io-index"
checksum = "c9c68f5316254dae193b3ce083f6caf19ae1a58471e6585e89f0796b9e5bdf4a"
dependencies = [
 "quote",
 "syn 1.0.109",
]

[[package]]
name = "nom_locate"
version = "4.2.0"
source = "registry+https://github.com/rust-lang/crates.io-index"
checksum = "1e3c83c053b0713da60c5b8de47fe8e494fe3ece5267b2f23090a07a053ba8f3"
dependencies = [
 "bytecount",
 "memchr",
 "nom",
]

[[package]]
name = "proc-macro2"
version = "1.0.93"
source = "registry+https://github.com/rust-lang/crates.io-index"
checksum = "60946a68e5f9d28b0dc1c21bb8a97ee7d018a8b322fa57838ba31cc878e22d99"
dependencies = [
 "unicode-ident",
]

[[package]]
name = "quote"
version = "1.0.38"
source = "registry+https://github.com/rust-lang/crates.io-index"
checksum = "0e4dccaaaf89514f546c693ddc140f729f958c247918a13380cccc6078391acc"
dependencies = [
 "proc-macro2",
]

[[package]]
name = "regex"
version = "1.11.1"
source = "registry+https://github.com/rust-lang/crates.io-index"
checksum = "b544ef1b4eac5dc2db33ea63606ae9ffcfac26c1416a2806ae0bf5f56b201191"
dependencies = [
 "aho-corasick",
 "memchr",
 "regex-automata",
 "regex-syntax",
]

[[package]]
name = "regex-automata"
version = "0.4.9"
source = "registry+https://github.com/rust-lang/crates.io-index"
checksum = "809e8dc61f6de73b46c85f4c96486310fe304c434cfa43669d7b40f711150908"
dependencies = [
 "aho-corasick",
 "memchr",
 "regex-syntax",
]

[[package]]
name = "regex-syntax"
version = "0.8.5"
source = "registry+https://github.com/rust-lang/crates.io-index"
checksum = "2b15c43186be67a4fd63bee50d0303afffcef381492ebe2c5d87f324e1b8815c"

[[package]]
name = "same-file"
version = "1.0.6"
source = "registry+https://github.com/rust-lang/crates.io-index"
checksum = "93fc1dc3aaa9bfed95e02e6eadabb4baf7e3078b0bd1b4d7b6b0b68378900502"
dependencies = [
 "winapi-util",
]

[[package]]
name = "snafu"
version = "0.8.5"
source = "registry+https://github.com/rust-lang/crates.io-index"
checksum = "223891c85e2a29c3fe8fb900c1fae5e69c2e42415e3177752e8718475efa5019"
dependencies = [
 "snafu-derive",
]

[[package]]
name = "snafu-derive"
version = "0.8.5"
source = "registry+https://github.com/rust-lang/crates.io-index"
checksum = "03c3c6b7927ffe7ecaa769ee0e3994da3b8cafc8f444578982c83ecb161af917"
dependencies = [
 "heck",
 "proc-macro2",
 "quote",
 "syn 2.0.96",
]

[[package]]
name = "str-concat"
version = "0.2.0"
source = "registry+https://github.com/rust-lang/crates.io-index"
checksum = "3468939e48401c4fe3cdf5e5cef50951c2808ed549d1467fde249f1fcb602634"

[[package]]
name = "sv-parser"
version = "0.13.3"
source = "registry+https://github.com/rust-lang/crates.io-index"
checksum = "425309b8d5bbd38fe592ba1a19e91ccdaab66e1ef312eb0ce0b8d6e4295ef4cb"
dependencies = [
 "nom",
 "nom-greedyerror",
 "sv-parser-error",
 "sv-parser-parser",
 "sv-parser-pp",
 "sv-parser-syntaxtree",
]

[[package]]
name = "sv-parser-error"
version = "0.13.3"
source = "registry+https://github.com/rust-lang/crates.io-index"
checksum = "d702ef215611db3c9cbd57c39a543fc72924eff9defb2b5e0461617929ef1a86"
dependencies = [
 "thiserror",
]

[[package]]
name = "sv-parser-macros"
version = "0.13.3"
source = "registry+https://github.com/rust-lang/crates.io-index"
checksum = "6a2eba85c18b26226dee76a6f07a1cb189130012a32109474ae182666b4e9b00"
dependencies = [
 "quote",
 "syn 2.0.96",
]

[[package]]
name = "sv-parser-parser"
version = "0.13.3"
source = "registry+https://github.com/rust-lang/crates.io-index"
checksum = "1ccb13fe101bdf64fa533121759d96f75b4e3038c03320fad4cd697063f9e101"
dependencies = [
 "nom",
 "nom-greedyerror",
 "nom-packrat",
 "nom-recursive",
 "nom-tracable",
 "nom_locate",
 "str-concat",
 "sv-parser-macros",
 "sv-parser-syntaxtree",
]

[[package]]
name = "sv-parser-pp"
version = "0.13.3"
source = "registry+https://github.com/rust-lang/crates.io-index"
checksum = "9d580999e597ef78b966343276e3a948b2d99348dbc58ddc1e9a596c3a7a8a10"
dependencies = [
 "nom",
 "nom-greedyerror",
 "sv-parser-error",
 "sv-parser-parser",
 "sv-parser-syntaxtree",
]

[[package]]
name = "sv-parser-syntaxtree"
version = "0.13.3"
source = "registry+https://github.com/rust-lang/crates.io-index"
checksum = "75394b4b48cf789e5eb148f4a47f82c119424166572e13e3dee5394fc1da7ad0"
dependencies = [
 "regex",
 "sv-parser-macros",
 "walkdir",
]

[[package]]
name = "syn"
version = "1.0.109"
source = "registry+https://github.com/rust-lang/crates.io-index"
checksum = "72b64191b275b66ffe2469e8af2c1cfe3bafa67b529ead792a6d0160888b4237"
dependencies = [
 "proc-macro2",
 "quote",
 "unicode-ident",
]

[[package]]
name = "syn"
version = "2.0.96"
source = "registry+https://github.com/rust-lang/crates.io-index"
checksum = "d5d0adab1ae378d7f53bdebc67a39f1f151407ef230f0ce2883572f5d8985c80"
dependencies = [
 "proc-macro2",
 "quote",
 "unicode-ident",
]

[[package]]
name = "test_crate"
version = "0.1.0"
dependencies = [
 "libc",
 "libloading",
 "snafu",
 "verilator",
 "verilog-macro",
]

[[package]]
name = "thiserror"
version = "1.0.69"
source = "registry+https://github.com/rust-lang/crates.io-index"
checksum = "b6aaf5339b578ea85b50e080feb250a3e8ae8cfcdff9a461c9ec2904bc923f52"
dependencies = [
 "thiserror-impl",
]

[[package]]
name = "thiserror-impl"
version = "1.0.69"
source = "registry+https://github.com/rust-lang/crates.io-index"
checksum = "4fee6c4efc90059e10f81e6d42c60a18f76588c3d74cb83a0b242a2b6c7504c1"
dependencies = [
 "proc-macro2",
 "quote",
 "syn 2.0.96",
]

[[package]]
name = "unicode-ident"
version = "1.0.14"
source = "registry+https://github.com/rust-lang/crates.io-index"
checksum = "adb9e6ca4f869e1180728b7950e35922a7fc6397f7b641499e8f3ef06e50dc83"

[[package]]
name = "verilator"
version = "0.1.0"
dependencies = [
 "camino",
 "snafu",
]

[[package]]
name = "verilog"
version = "0.1.0"

[[package]]
name = "verilog-macro"
version = "0.1.0"
dependencies = [
 "proc-macro2",
 "quote",
 "sv-parser",
 "syn 2.0.96",
]

[[package]]
name = "walkdir"
version = "2.5.0"
source = "registry+https://github.com/rust-lang/crates.io-index"
checksum = "29790946404f91d9c5d06f9874efddea1dc06c5efe94541a7d6863108e3a5e4b"
dependencies = [
 "same-file",
 "winapi-util",
]

[[package]]
name = "winapi-util"
version = "0.1.9"
source = "registry+https://github.com/rust-lang/crates.io-index"
checksum = "cf221c93e13a30d793f7645a0e7762c55d169dbb0a49671918a2319d289b10bb"
dependencies = [
 "windows-sys",
]

[[package]]
name = "windows-sys"
version = "0.59.0"
source = "registry+https://github.com/rust-lang/crates.io-index"
checksum = "1e38bc4d79ed67fd075bcc251a1c39b32a1776bbe92e5bef1f0bf1f8c531853b"
dependencies = [
 "windows-targets",
]

[[package]]
name = "windows-targets"
version = "0.52.6"
source = "registry+https://github.com/rust-lang/crates.io-index"
checksum = "9b724f72796e036ab90c1021d4780d4d3d648aca59e491e6b98e725b84e99973"
dependencies = [
 "windows_aarch64_gnullvm",
 "windows_aarch64_msvc",
 "windows_i686_gnu",
 "windows_i686_gnullvm",
 "windows_i686_msvc",
 "windows_x86_64_gnu",
 "windows_x86_64_gnullvm",
 "windows_x86_64_msvc",
]

[[package]]
name = "windows_aarch64_gnullvm"
version = "0.52.6"
source = "registry+https://github.com/rust-lang/crates.io-index"
checksum = "32a4622180e7a0ec044bb555404c800bc9fd9ec262ec147edd5989ccd0c02cd3"

[[package]]
name = "windows_aarch64_msvc"
version = "0.52.6"
source = "registry+https://github.com/rust-lang/crates.io-index"
checksum = "09ec2a7bb152e2252b53fa7803150007879548bc709c039df7627cabbd05d469"

[[package]]
name = "windows_i686_gnu"
version = "0.52.6"
source = "registry+https://github.com/rust-lang/crates.io-index"
checksum = "8e9b5ad5ab802e97eb8e295ac6720e509ee4c243f69d781394014ebfe8bbfa0b"

[[package]]
name = "windows_i686_gnullvm"
version = "0.52.6"
source = "registry+https://github.com/rust-lang/crates.io-index"
checksum = "0eee52d38c090b3caa76c563b86c3a4bd71ef1a819287c19d586d7334ae8ed66"

[[package]]
name = "windows_i686_msvc"
version = "0.52.6"
source = "registry+https://github.com/rust-lang/crates.io-index"
checksum = "240948bc05c5e7c6dabba28bf89d89ffce3e303022809e73deaefe4f6ec56c66"

[[package]]
name = "windows_x86_64_gnu"
version = "0.52.6"
source = "registry+https://github.com/rust-lang/crates.io-index"
checksum = "147a5c80aabfbf0c7d901cb5895d1de30ef2907eb21fbbab29ca94c5b08b1a78"

[[package]]
name = "windows_x86_64_gnullvm"
version = "0.52.6"
source = "registry+https://github.com/rust-lang/crates.io-index"
checksum = "24d5b23dc417412679681396f2b49f3de8c1473deb516bd34410872eff51ed0d"

[[package]]
name = "windows_x86_64_msvc"
version = "0.52.6"
source = "registry+https://github.com/rust-lang/crates.io-index"
checksum = "589f6da84c646204747d1270a2a5661ea66ed1cced2631d546fdfb155959f9ec"
